
Microsoft Visual Studio Solution File, Format Version 12.00
# Visual Studio Version 17
VisualStudioVersion = 17.7.34202.233
MinimumVisualStudioVersion = 10.0.40219.1
Project("{FAE04EC0-301F-11D3-BF4B-00C04F79EFBC}") = "Tema3-EquiposNBA-Estilos", "Tema3-EquiposNBA-Estilos.csproj", "{EEFDC447-DAE8-43FB-B49A-15D9CA80CB2C}"
EndProject
Global
	GlobalSection(SolutionConfigurationPlatforms) = preSolution
		Debug|Any CPU = Debug|Any CPU
		Release|Any CPU = Release|Any CPU
	EndGlobalSection
	GlobalSection(ProjectConfigurationPlatforms) = postSolution
		{EEFDC447-DAE8-43FB-B49A-15D9CA80CB2C}.Debug|Any CPU.ActiveCfg = Debug|Any CPU
		{EEFDC447-DAE8-43FB-B49A-15D9CA80CB2C}.Debug|Any CPU.Build.0 = Debug|Any CPU
		{EEFDC447-DAE8-43FB-B49A-15D9CA80CB2C}.Release|Any CPU.ActiveCfg = Release|Any CPU
		{EEFDC447-DAE8-43FB-B49A-15D9CA80CB2C}.Release|Any CPU.Build.0 = Release|Any CPU
	EndGlobalSection
	GlobalSection(SolutionProperties) = preSolution
		HideSolutionNode = FALSE
	EndGlobalSection
	GlobalSection(ExtensibilityGlobals) = postSolution
		SolutionGuid = {9573EA4B-6971-4201-9597-3A35C7B2F4C1}
	EndGlobalSection
EndGlobal
